{
  "version": 4,
  "terraform_version": "1.5.4",
  "serial": 22,
  "lineage": "e8845ff6-93a9-9991-f34d-ed35f62a5322",
  "outputs": {
    "kubernetes_cluster_host": {
      "value": "34.72.2.45",
      "type": "string"
    },
    "kubernetes_cluster_name": {
      "value": "playground-s-11-a1d45e15-gke",
      "type": "string"
    },
    "project_id": {
      "value": "playground-s-11-a1d45e15",
      "type": "string"
    },
    "region": {
      "value": "us-central1",
      "type": "string"
    }
  },
  "resources": [
    {
      "mode": "data",
      "type": "google_container_engine_versions",
      "name": "gke_version",
      "provider": "provider[\"registry.terraform.io/hashicorp/google\"]",
      "instances": [
        {
          "schema_version": 0,
          "attributes": {
            "default_cluster_version": "1.27.2-gke.1200",
            "id": "2023-08-06 12:20:47.199012889 +0000 UTC",
            "latest_master_version": "1.27.3-gke.1700",
            "latest_node_version": "1.27.3-gke.1700",
            "location": "us-central1",
            "project": null,
            "release_channel_default_version": {
              "RAPID": "1.27.3-gke.100",
              "REGULAR": "1.27.2-gke.1200",
              "STABLE": "1.26.5-gke.1400"
            },
            "release_channel_latest_version": {
              "RAPID": "1.27.3-gke.1700",
              "REGULAR": "1.27.3-gke.100",
              "STABLE": "1.27.3-gke.100"
            },
            "valid_master_versions": [
              "1.27.3-gke.1700",
              "1.27.3-gke.100",
              "1.27.2-gke.2100",
              "1.27.2-gke.1200"
            ],
            "valid_node_versions": [
              "1.27.3-gke.1700",
              "1.27.3-gke.100",
              "1.27.2-gke.2100",
              "1.27.2-gke.1200"
            ],
            "version_prefix": "1.27."
          },
          "sensitive_attributes": []
        }
      ]
    },
    {
      "mode": "managed",
      "type": "google_compute_network",
      "name": "vpc",
      "provider": "provider[\"registry.terraform.io/hashicorp/google\"]",
      "instances": [
        {
          "schema_version": 0,
          "attributes": {
            "auto_create_subnetworks": false,
            "delete_default_routes_on_create": false,
            "description": "",
            "enable_ula_internal_ipv6": false,
            "gateway_ipv4": "",
            "id": "projects/playground-s-11-a1d45e15/global/networks/playground-s-11-a1d45e15-vpc",
            "internal_ipv6_range": "",
            "mtu": 0,
            "name": "playground-s-11-a1d45e15-vpc",
            "network_firewall_policy_enforcement_order": "AFTER_CLASSIC_FIREWALL",
            "project": "playground-s-11-a1d45e15",
            "routing_mode": "REGIONAL",
            "self_link": "https://www.googleapis.com/compute/v1/projects/playground-s-11-a1d45e15/global/networks/playground-s-11-a1d45e15-vpc",
            "timeouts": null
          },
          "sensitive_attributes": [],
          "private": "eyJlMmJmYjczMC1lY2FhLTExZTYtOGY4OC0zNDM2M2JjN2M0YzAiOnsiY3JlYXRlIjoxMjAwMDAwMDAwMDAwLCJkZWxldGUiOjEyMDAwMDAwMDAwMDAsInVwZGF0ZSI6MTIwMDAwMDAwMDAwMH19"
        }
      ]
    },
    {
      "mode": "managed",
      "type": "google_compute_subnetwork",
      "name": "subnet",
      "provider": "provider[\"registry.terraform.io/hashicorp/google\"]",
      "instances": [
        {
          "schema_version": 0,
          "attributes": {
            "creation_timestamp": "2023-08-06T05:21:47.916-07:00",
            "description": "",
            "external_ipv6_prefix": "",
            "fingerprint": null,
            "gateway_address": "10.10.0.1",
            "id": "projects/playground-s-11-a1d45e15/regions/us-central1/subnetworks/playground-s-11-a1d45e15-subnet",
            "ip_cidr_range": "10.10.0.0/24",
            "ipv6_access_type": "",
            "ipv6_cidr_range": "",
            "log_config": [],
            "name": "playground-s-11-a1d45e15-subnet",
            "network": "https://www.googleapis.com/compute/v1/projects/playground-s-11-a1d45e15/global/networks/playground-s-11-a1d45e15-vpc",
            "private_ip_google_access": false,
            "private_ipv6_google_access": "DISABLE_GOOGLE_ACCESS",
            "project": "playground-s-11-a1d45e15",
            "purpose": "PRIVATE",
            "region": "us-central1",
            "role": "",
            "secondary_ip_range": [],
            "self_link": "https://www.googleapis.com/compute/v1/projects/playground-s-11-a1d45e15/regions/us-central1/subnetworks/playground-s-11-a1d45e15-subnet",
            "stack_type": "IPV4_ONLY",
            "timeouts": null
          },
          "sensitive_attributes": [],
          "private": "eyJlMmJmYjczMC1lY2FhLTExZTYtOGY4OC0zNDM2M2JjN2M0YzAiOnsiY3JlYXRlIjoxMjAwMDAwMDAwMDAwLCJkZWxldGUiOjEyMDAwMDAwMDAwMDAsInVwZGF0ZSI6MTIwMDAwMDAwMDAwMH19",
          "dependencies": [
            "google_compute_network.vpc"
          ]
        }
      ]
    },
    {
      "mode": "managed",
      "type": "google_container_cluster",
      "name": "primary",
      "provider": "provider[\"registry.terraform.io/hashicorp/google\"]",
      "instances": [
        {
          "schema_version": 1,
          "attributes": {
            "addons_config": [
              {
                "cloudrun_config": [],
                "config_connector_config": [],
                "dns_cache_config": [],
                "gce_persistent_disk_csi_driver_config": [
                  {
                    "enabled": true
                  }
                ],
                "gcp_filestore_csi_driver_config": [],
                "gke_backup_agent_config": [],
                "horizontal_pod_autoscaling": [],
                "http_load_balancing": [],
                "network_policy_config": [
                  {
                    "disabled": true
                  }
                ]
              }
            ],
            "authenticator_groups_config": [],
            "binary_authorization": [
              {
                "enabled": false,
                "evaluation_mode": ""
              }
            ],
            "cluster_autoscaling": [
              {
                "auto_provisioning_defaults": [],
                "enabled": false,
                "resource_limits": []
              }
            ],
            "cluster_ipv4_cidr": "10.56.0.0/14",
            "confidential_nodes": [],
            "cost_management_config": [],
            "database_encryption": [
              {
                "key_name": "",
                "state": "DECRYPTED"
              }
            ],
            "datapath_provider": "",
            "default_max_pods_per_node": null,
            "default_snat_status": [
              {
                "disabled": false
              }
            ],
            "description": "",
            "dns_config": [],
            "enable_autopilot": false,
            "enable_binary_authorization": false,
            "enable_intranode_visibility": false,
            "enable_kubernetes_alpha": false,
            "enable_l4_ilb_subsetting": false,
            "enable_legacy_abac": false,
            "enable_shielded_nodes": true,
            "enable_tpu": false,
            "endpoint": "34.72.2.45",
            "gateway_api_config": [],
            "id": "projects/playground-s-11-a1d45e15/locations/us-central1/clusters/playground-s-11-a1d45e15-gke",
            "initial_node_count": 1,
            "ip_allocation_policy": [],
            "label_fingerprint": "a9dc16a7",
            "location": "us-central1",
            "logging_config": [
              {
                "enable_components": [
                  "SYSTEM_COMPONENTS",
                  "WORKLOADS"
                ]
              }
            ],
            "logging_service": "logging.googleapis.com/kubernetes",
            "maintenance_policy": [],
            "master_auth": [
              {
                "client_certificate": "",
                "client_certificate_config": [
                  {
                    "issue_client_certificate": false
                  }
                ],
                "client_key": "",
                "cluster_ca_certificate": "LS0tLS1CRUdJTiBDRVJUSUZJQ0FURS0tLS0tCk1JSUVMRENDQXBTZ0F3SUJBZ0lRVXhGYkNNNTVwejBVb09aYUduQVdYREFOQmdrcWhraUc5dzBCQVFzRkFEQXYKTVMwd0t3WURWUVFERXlSbFlqbGpNbVV5T1MxaE1qVm1MVFE0T1dNdE9XSmxaaTB4TTJKaE1EVTRabU5tWkRBdwpJQmNOTWpNd09EQTJNVEV5TVRVNVdoZ1BNakExTXpBM01qa3hNakl4TlRsYU1DOHhMVEFyQmdOVkJBTVRKR1ZpCk9XTXlaVEk1TFdFeU5XWXRORGc1WXkwNVltVm1MVEV6WW1Fd05UaG1ZMlprTURDQ0FhSXdEUVlKS29aSWh2Y04KQVFFQkJRQURnZ0dQQURDQ0FZb0NnZ0dCQU5idkJLN3VlM090V1paUGZNYlF1bXFISnBiSGFpYk0wbzZhbEdHdwpwVkY3Q3hDVEl3c29FNnp6aTMrZmtFNjlwVGlnQ21TWVdZQ1R2ZkE1bGxHWkJnSG9pb09RdFM2OHVaelFKYTJqClJjeW1Xd0VxTlBDdzQ3aXdyMW5iejdNTUtZRGlheWo0SldsNmJVQm5jaXJrK3dMRDBETlhScE1nT2x4VEdwTmwKUVAxbmZYMkV4M2FRMWkrc2JEcW4vVC9CQ2pwSnk5eEVyYlh5eWo1S2hCb1g3MjZ5bzdMMEd6R1pBRUNGcmNraAo2ZDVZSXJvdHMrYjk0UjdXYkpHNzFjVUlHQ2NaOVFvb1NIUk5sdDRNMEhIMkY1ZW9OUkt2NlJ1Wmh1NEdERUFXCnhCUjJpVzZabW1BUTUycWdJNWQ4UWdwcWRTdGwxNGdpUExLcEcrQzVVUGdpNXNRZnhwR1U0WEdmbExiYVBMWVgKcmoyVkh3OHpCMy9OR1dNTDhUOTc4dUtmeFE4NWFjT3RUaWhPb0FyWEFxLzVyVUI3ZEwvOVBTLzBwbm5XejI2WQorUmpxd1o1QUM5TUlOWVNmdTVCQ1VvTXpVQVFqT2Fjb25KMFZIa1czb2V0QzUranhqQkdXbHJMRTFWcUVwdzNWClIva3Mvc1ZsaW10YURta1dwYlhOQTY0RUFRSURBUUFCbzBJd1FEQU9CZ05WSFE4QkFmOEVCQU1DQWdRd0R3WUQKVlIwVEFRSC9CQVV3QXdFQi96QWRCZ05WSFE0RUZnUVVFQnpTVTVnMDlpODVLNEtTR0NKYndvZmF2TTR3RFFZSgpLb1pJaHZjTkFRRUxCUUFEZ2dHQkFGVUI3RHlxemg5TkZJOG8yLytPbzJDSkROREg5UDM4dTJOVmtNS3RkZU95Cm9QNk5DMTBIa3VmaVV0WnJIYmFzcE0zT0sxcjVJV1BkR215cWZ2WnNKTUR3bU9XN2hUeGxZS3dyQ3o4dXc1UDkKVElMUk8vdjU0NWRoT0FNWEF5QmYyaXFsWUlmSjhuRjNFdGR5bXVWSzdMR3pGRzFROU16NFlUbUE3L0VmcUgyNQora0E3MzZiTithZDl6bmRJK2xBS1JHdTdlYWJ0WHNRWU16TUJxc1V6VXBZSCtOZFZFNkJ1VXF2WjZCVGhEeG5FCmNBVjdnejNobSt4Y1MzdUJLYys2L1FoQWxPVm95ZStqc1ZROVZwY1AzVmhlbllSMzdEYXY1ZTZ5VW1BS1pRQ2gKRkQzZEpmRFA2Tm1BUHUxUUNWOUw4ek1udUlta1prL0o0WU4wcVR3WjN1dEI1WG9Kd3dzNms0UWpKTWVzVFJCcApITDlocE5SU0VvcFI5RGlzdVFlaCtjTFc5QkhPQ0xqTnQrYnpsbGtZeW0rbXVWNndBQUtNTVRLR1BNTEZyV0RvCnZrRWorQWppN1lCSW5Kb3JZK3k0NWhuVEpmRXp6cWJnWXE2Q0l1YlpRNEt6TzhURE1FQmxSU1pibTFJaUorbnkKWXRVREU3R1RGTFg2c2pWb2ZNbm5Ydz09Ci0tLS0tRU5EIENFUlRJRklDQVRFLS0tLS0K"
              }
            ],
            "master_authorized_networks_config": [],
            "master_version": "1.27.2-gke.1200",
            "mesh_certificates": [],
            "min_master_version": null,
            "monitoring_config": [
              {
                "enable_components": [
                  "SYSTEM_COMPONENTS"
                ],
                "managed_prometheus": [
                  {
                    "enabled": true
                  }
                ]
              }
            ],
            "monitoring_service": "monitoring.googleapis.com/kubernetes",
            "name": "playground-s-11-a1d45e15-gke",
            "network": "projects/playground-s-11-a1d45e15/global/networks/playground-s-11-a1d45e15-vpc",
            "network_policy": [
              {
                "enabled": false,
                "provider": "PROVIDER_UNSPECIFIED"
              }
            ],
            "networking_mode": "ROUTES",
            "node_config": [],
            "node_locations": [
              "us-central1-a",
              "us-central1-c",
              "us-central1-f"
            ],
            "node_pool": [],
            "node_pool_defaults": [
              {
                "node_config_defaults": [
                  {
                    "logging_variant": "DEFAULT"
                  }
                ]
              }
            ],
            "node_version": "1.27.2-gke.1200",
            "notification_config": [
              {
                "pubsub": [
                  {
                    "enabled": false,
                    "filter": [],
                    "topic": ""
                  }
                ]
              }
            ],
            "operation": null,
            "private_cluster_config": [
              {
                "enable_private_endpoint": false,
                "enable_private_nodes": false,
                "master_global_access_config": [
                  {
                    "enabled": false
                  }
                ],
                "master_ipv4_cidr_block": "",
                "peering_name": "",
                "private_endpoint": "10.10.0.2",
                "private_endpoint_subnetwork": "",
                "public_endpoint": "34.72.2.45"
              }
            ],
            "private_ipv6_google_access": "",
            "project": "playground-s-11-a1d45e15",
            "release_channel": [
              {
                "channel": "REGULAR"
              }
            ],
            "remove_default_node_pool": true,
            "resource_labels": null,
            "resource_usage_export_config": [],
            "security_posture_config": [
              {
                "mode": "MODE_UNSPECIFIED",
                "vulnerability_mode": "VULNERABILITY_MODE_UNSPECIFIED"
              }
            ],
            "self_link": "https://container.googleapis.com/v1/projects/playground-s-11-a1d45e15/locations/us-central1/clusters/playground-s-11-a1d45e15-gke",
            "service_external_ips_config": [
              {
                "enabled": false
              }
            ],
            "services_ipv4_cidr": "10.59.240.0/20",
            "subnetwork": "projects/playground-s-11-a1d45e15/regions/us-central1/subnetworks/playground-s-11-a1d45e15-subnet",
            "timeouts": null,
            "tpu_ipv4_cidr_block": "",
            "vertical_pod_autoscaling": [],
            "workload_identity_config": []
          },
          "sensitive_attributes": [],
          "private": "eyJlMmJmYjczMC1lY2FhLTExZTYtOGY4OC0zNDM2M2JjN2M0YzAiOnsiY3JlYXRlIjoyNDAwMDAwMDAwMDAwLCJkZWxldGUiOjI0MDAwMDAwMDAwMDAsInJlYWQiOjI0MDAwMDAwMDAwMDAsInVwZGF0ZSI6MzYwMDAwMDAwMDAwMH0sInNjaGVtYV92ZXJzaW9uIjoiMSJ9",
          "dependencies": [
            "google_compute_network.vpc",
            "google_compute_subnetwork.subnet"
          ]
        }
      ]
    },
    {
      "mode": "managed",
      "type": "google_container_node_pool",
      "name": "primary_nodes",
      "provider": "provider[\"registry.terraform.io/hashicorp/google\"]",
      "instances": [
        {
          "status": "tainted",
          "schema_version": 1,
          "attributes": {
            "autoscaling": [],
            "cluster": "playground-s-11-a1d45e15-gke",
            "id": "projects/playground-s-11-a1d45e15/locations/us-central1/clusters/playground-s-11-a1d45e15-gke/nodePools/playground-s-11-a1d45e15-gke",
            "initial_node_count": null,
            "instance_group_urls": null,
            "location": "us-central1",
            "managed_instance_group_urls": null,
            "management": null,
            "max_pods_per_node": null,
            "name": "playground-s-11-a1d45e15-gke",
            "name_prefix": null,
            "network_config": null,
            "node_config": [
              {
                "advanced_machine_features": [],
                "boot_disk_kms_key": "",
                "disk_size_gb": 0,
                "disk_type": "",
                "ephemeral_storage_local_ssd_config": [],
                "gcfs_config": [],
                "guest_accelerator": [],
                "gvnic": [],
                "image_type": "",
                "kubelet_config": [],
                "labels": {
                  "env": "playground-s-11-a1d45e15"
                },
                "linux_node_config": [],
                "local_nvme_ssd_block_config": [],
                "local_ssd_count": 0,
                "logging_variant": "DEFAULT",
                "machine_type": "e2-medium",
                "metadata": {
                  "disable-legacy-endpoints": "true"
                },
                "min_cpu_platform": "",
                "node_group": "",
                "oauth_scopes": [
                  "https://www.googleapis.com/auth/logging.write",
                  "https://www.googleapis.com/auth/monitoring"
                ],
                "preemptible": false,
                "reservation_affinity": [],
                "resource_labels": null,
                "service_account": "",
                "shielded_instance_config": [],
                "sole_tenant_config": [],
                "spot": false,
                "tags": [
                  "gke-node",
                  "playground-s-11-a1d45e15-gke"
                ],
                "taint": [],
                "workload_metadata_config": []
              }
            ],
            "node_count": 2,
            "node_locations": [],
            "operation": null,
            "placement_policy": [],
            "project": null,
            "timeouts": null,
            "upgrade_settings": null,
            "version": "1.27.3-gke.100"
          },
          "sensitive_attributes": [],
          "private": "eyJlMmJmYjczMC1lY2FhLTExZTYtOGY4OC0zNDM2M2JjN2M0YzAiOnsiY3JlYXRlIjoxODAwMDAwMDAwMDAwLCJkZWxldGUiOjE4MDAwMDAwMDAwMDAsInVwZGF0ZSI6MTgwMDAwMDAwMDAwMH0sInNjaGVtYV92ZXJzaW9uIjoiMSJ9",
          "dependencies": [
            "data.google_container_engine_versions.gke_version",
            "google_compute_network.vpc",
            "google_compute_subnetwork.subnet",
            "google_container_cluster.primary"
          ]
        }
      ]
    }
  ],
  "check_results": null
}
